
Microsoft Visual Studio Solution File, Format Version 12.00
# Visual Studio 2013
VisualStudioVersion = 12.0.30501.0
MinimumVisualStudioVersion = 10.0.40219.1
Project("{FAE04EC0-301F-11D3-BF4B-00C04F79EFBC}") = "BibliotecaGames.Site", "BibliotecaGames.Site\BibliotecaGames.Site.csproj", "{6BCEFF6F-E8CA-43BF-922A-4BDACF1F0825}"
EndProject
Project("{FAE04EC0-301F-11D3-BF4B-00C04F79EFBC}") = "BibliotecaGames.BLL", "BibliotecaGames.BLL\BibliotecaGames.BLL.csproj", "{B85D170D-38AB-4413-9CAC-EAB054AE8200}"
EndProject
Project("{FAE04EC0-301F-11D3-BF4B-00C04F79EFBC}") = "BibliotecaGames.DAL", "BibliotecaGames.DAL\BibliotecaGames.DAL.csproj", "{1AC0B452-9F41-4F58-B402-A1EAED9A4DCA}"
EndProject
Global
	GlobalSection(SolutionConfigurationPlatforms) = preSolution
		Debug|Any CPU = Debug|Any CPU
		Release|Any CPU = Release|Any CPU
	EndGlobalSection
	GlobalSection(ProjectConfigurationPlatforms) = postSolution
		{6BCEFF6F-E8CA-43BF-922A-4BDACF1F0825}.Debug|Any CPU.ActiveCfg = Debug|Any CPU
		{6BCEFF6F-E8CA-43BF-922A-4BDACF1F0825}.Debug|Any CPU.Build.0 = Debug|Any CPU
		{6BCEFF6F-E8CA-43BF-922A-4BDACF1F0825}.Release|Any CPU.ActiveCfg = Release|Any CPU
		{6BCEFF6F-E8CA-43BF-922A-4BDACF1F0825}.Release|Any CPU.Build.0 = Release|Any CPU
		{B85D170D-38AB-4413-9CAC-EAB054AE8200}.Debug|Any CPU.ActiveCfg = Debug|Any CPU
		{B85D170D-38AB-4413-9CAC-EAB054AE8200}.Debug|Any CPU.Build.0 = Debug|Any CPU
		{B85D170D-38AB-4413-9CAC-EAB054AE8200}.Release|Any CPU.ActiveCfg = Release|Any CPU
		{B85D170D-38AB-4413-9CAC-EAB054AE8200}.Release|Any CPU.Build.0 = Release|Any CPU
		{1AC0B452-9F41-4F58-B402-A1EAED9A4DCA}.Debug|Any CPU.ActiveCfg = Debug|Any CPU
		{1AC0B452-9F41-4F58-B402-A1EAED9A4DCA}.Debug|Any CPU.Build.0 = Debug|Any CPU
		{1AC0B452-9F41-4F58-B402-A1EAED9A4DCA}.Release|Any CPU.ActiveCfg = Release|Any CPU
		{1AC0B452-9F41-4F58-B402-A1EAED9A4DCA}.Release|Any CPU.Build.0 = Release|Any CPU
	EndGlobalSection
	GlobalSection(SolutionProperties) = preSolution
		HideSolutionNode = FALSE
	EndGlobalSection
EndGlobal
